// !$*UTF8*$!
{
	archiveVersion = 1;
	classes = {
	};
	objectVersion = 46;
	objects = {

/* Begin PBXBuildFile section */
		2BA7EA1315475585003091EE /* SPDotMeshView.m in Sources */ = {isa = PBXBuildFile; fileRef = 2BA7EA1215475585003091EE /* SPDotMeshView.m */; };
		2BC2F411153B280100BB5A3F /* UIKit.framework in Frameworks */ = {isa = PBXBuildFile; fileRef = 2BC2F410153B280000BB5A3F /* UIKit.framework */; };
		2BC2F413153B280100BB5A3F /* Foundation.framework in Frameworks */ = {isa = PBXBuildFile; fileRef = 2BC2F412153B280100BB5A3F /* Foundation.framework */; };
		2BC2F415153B280100BB5A3F /* CoreGraphics.framework in Frameworks */ = {isa = PBXBuildFile; fileRef = 2BC2F414153B280100BB5A3F /* CoreGraphics.framework */; };
		2BC2F41B153B280100BB5A3F /* InfoPlist.strings in Resources */ = {isa = PBXBuildFile; fileRef = 2BC2F419153B280100BB5A3F /* InfoPlist.strings */; };
		2BC2F41D153B280100BB5A3F /* main.m in Sources */ = {isa = PBXBuildFile; fileRef = 2BC2F41C153B280100BB5A3F /* main.m */; };
		2BC2F421153B280100BB5A3F /* SPAppDelegate.m in Sources */ = {isa = PBXBuildFile; fileRef = 2BC2F420153B280100BB5A3F /* SPAppDelegate.m */; };
		2BC2F429153B292900BB5A3F /* SPMeshView.m in Sources */ = {isa = PBXBuildFile; fileRef = 2BC2F428153B292900BB5A3F /* SPMeshView.m */; };
		2BC2F42E153B2AE400BB5A3F /* SPNode.m in Sources */ = {isa = PBXBuildFile; fileRef = 2BC2F42D153B2AE400BB5A3F /* SPNode.m */; };
		2BC2F431153B3FAD00BB5A3F /* SPSpring.m in Sources */ = {isa = PBXBuildFile; fileRef = 2BC2F430153B3FAD00BB5A3F /* SPSpring.m */; };
		2BC2F435153B41DC00BB5A3F /* SPVector.m in Sources */ = {isa = PBXBuildFile; fileRef = 2BC2F434153B41DC00BB5A3F /* SPVector.m */; };
		2BC2F43B153BA01700BB5A3F /* SPDragNodeInfo.m in Sources */ = {isa = PBXBuildFile; fileRef = 2BC2F43A153BA01700BB5A3F /* SPDragNodeInfo.m */; };
		2BD22B4B1545FE2100C4826E /* QuartzCore.framework in Frameworks */ = {isa = PBXBuildFile; fileRef = 2BD22B4A1545FE2100C4826E /* QuartzCore.framework */; };
/* End PBXBuildFile section */

/* Begin PBXFileReference section */
		2B8DD772154B5DA100B59EEC /* SPMeshStructures.h */ = {isa = PBXFileReference; lastKnownFileType = sourcecode.c.h; path = SPMeshStructures.h; sourceTree = "<group>"; };
		2BA7EA1115475585003091EE /* SPDotMeshView.h */ = {isa = PBXFileReference; fileEncoding = 4; lastKnownFileType = sourcecode.c.h; path = SPDotMeshView.h; sourceTree = "<group>"; };
		2BA7EA1215475585003091EE /* SPDotMeshView.m */ = {isa = PBXFileReference; fileEncoding = 4; lastKnownFileType = sourcecode.c.objc; path = SPDotMeshView.m; sourceTree = "<group>"; };
		2BC2F40C153B280000BB5A3F /* SpringyPhysics.app */ = {isa = PBXFileReference; explicitFileType = wrapper.application; includeInIndex = 0; path = SpringyPhysics.app; sourceTree = BUILT_PRODUCTS_DIR; };
		2BC2F410153B280000BB5A3F /* UIKit.framework */ = {isa = PBXFileReference; lastKnownFileType = wrapper.framework; name = UIKit.framework; path = System/Library/Frameworks/UIKit.framework; sourceTree = SDKROOT; };
		2BC2F412153B280100BB5A3F /* Foundation.framework */ = {isa = PBXFileReference; lastKnownFileType = wrapper.framework; name = Foundation.framework; path = System/Library/Frameworks/Foundation.framework; sourceTree = SDKROOT; };
		2BC2F414153B280100BB5A3F /* CoreGraphics.framework */ = {isa = PBXFileReference; lastKnownFileType = wrapper.framework; name = CoreGraphics.framework; path = System/Library/Frameworks/CoreGraphics.framework; sourceTree = SDKROOT; };
		2BC2F418153B280100BB5A3F /* SpringyPhysics-Info.plist */ = {isa = PBXFileReference; lastKnownFileType = text.plist.xml; path = "SpringyPhysics-Info.plist"; sourceTree = "<group>"; };
		2BC2F41A153B280100BB5A3F /* en */ = {isa = PBXFileReference; lastKnownFileType = text.plist.strings; name = en; path = en.lproj/InfoPlist.strings; sourceTree = "<group>"; };
		2BC2F41C153B280100BB5A3F /* main.m */ = {isa = PBXFileReference; lastKnownFileType = sourcecode.c.objc; path = main.m; sourceTree = "<group>"; };
		2BC2F41E153B280100BB5A3F /* SpringyPhysics-Prefix.pch */ = {isa = PBXFileReference; lastKnownFileType = sourcecode.c.h; path = "SpringyPhysics-Prefix.pch"; sourceTree = "<group>"; };
		2BC2F41F153B280100BB5A3F /* SPAppDelegate.h */ = {isa = PBXFileReference; lastKnownFileType = sourcecode.c.h; path = SPAppDelegate.h; sourceTree = "<group>"; };
		2BC2F420153B280100BB5A3F /* SPAppDelegate.m */ = {isa = PBXFileReference; lastKnownFileType = sourcecode.c.objc; path = SPAppDelegate.m; sourceTree = "<group>"; };
		2BC2F427153B292900BB5A3F /* SPMeshView.h */ = {isa = PBXFileReference; fileEncoding = 4; lastKnownFileType = sourcecode.c.h; path = SPMeshView.h; sourceTree = "<group>"; };
		2BC2F428153B292900BB5A3F /* SPMeshView.m */ = {isa = PBXFileReference; fileEncoding = 4; lastKnownFileType = sourcecode.c.objc; path = SPMeshView.m; sourceTree = "<group>"; };
		2BC2F42C153B2AE400BB5A3F /* SPNode.h */ = {isa = PBXFileReference; fileEncoding = 4; lastKnownFileType = sourcecode.c.h; path = SPNode.h; sourceTree = "<group>"; };
		2BC2F42D153B2AE400BB5A3F /* SPNode.m */ = {isa = PBXFileReference; fileEncoding = 4; lastKnownFileType = sourcecode.c.objc; path = SPNode.m; sourceTree = "<group>"; };
		2BC2F42F153B3FAD00BB5A3F /* SPSpring.h */ = {isa = PBXFileReference; fileEncoding = 4; lastKnownFileType = sourcecode.c.h; path = SPSpring.h; sourceTree = "<group>"; };
		2BC2F430153B3FAD00BB5A3F /* SPSpring.m */ = {isa = PBXFileReference; fileEncoding = 4; lastKnownFileType = sourcecode.c.objc; path = SPSpring.m; sourceTree = "<group>"; };
		2BC2F433153B41DC00BB5A3F /* SPVector.h */ = {isa = PBXFileReference; fileEncoding = 4; lastKnownFileType = sourcecode.c.h; path = SPVector.h; sourceTree = "<group>"; };
		2BC2F434153B41DC00BB5A3F /* SPVector.m */ = {isa = PBXFileReference; fileEncoding = 4; lastKnownFileType = sourcecode.c.objc; path = SPVector.m; sourceTree = "<group>"; };
		2BC2F439153BA01700BB5A3F /* SPDragNodeInfo.h */ = {isa = PBXFileReference; fileEncoding = 4; lastKnownFileType = sourcecode.c.h; path = SPDragNodeInfo.h; sourceTree = "<group>"; };
		2BC2F43A153BA01700BB5A3F /* SPDragNodeInfo.m */ = {isa = PBXFileReference; fileEncoding = 4; lastKnownFileType = sourcecode.c.objc; path = SPDragNodeInfo.m; sourceTree = "<group>"; };
		2BD22B4A1545FE2100C4826E /* QuartzCore.framework */ = {isa = PBXFileReference; lastKnownFileType = wrapper.framework; name = QuartzCore.framework; path = System/Library/Frameworks/QuartzCore.framework; sourceTree = SDKROOT; };
/* End PBXFileReference section */

/* Begin PBXFrameworksBuildPhase section */
		2BC2F409153B280000BB5A3F /* Frameworks */ = {
			isa = PBXFrameworksBuildPhase;
			buildActionMask = 2147483647;
			files = (
				2BD22B4B1545FE2100C4826E /* QuartzCore.framework in Frameworks */,
				2BC2F411153B280100BB5A3F /* UIKit.framework in Frameworks */,
				2BC2F413153B280100BB5A3F /* Foundation.framework in Frameworks */,
				2BC2F415153B280100BB5A3F /* CoreGraphics.framework in Frameworks */,
			);
			runOnlyForDeploymentPostprocessing = 0;
		};
/* End PBXFrameworksBuildPhase section */

/* Begin PBXGroup section */
		2BA7EA0F1547555D003091EE /* Meshes */ = {
			isa = PBXGroup;
			children = (
				2BA7EA1115475585003091EE /* SPDotMeshView.h */,
				2BA7EA1215475585003091EE /* SPDotMeshView.m */,
			);
			name = Meshes;
			sourceTree = "<group>";
		};
		2BC2F401153B280000BB5A3F = {
			isa = PBXGroup;
			children = (
				2BC2F416153B280100BB5A3F /* SpringyPhysics */,
				2BC2F40F153B280000BB5A3F /* Frameworks */,
				2BC2F40D153B280000BB5A3F /* Products */,
			);
			sourceTree = "<group>";
		};
		2BC2F40D153B280000BB5A3F /* Products */ = {
			isa = PBXGroup;
			children = (
				2BC2F40C153B280000BB5A3F /* SpringyPhysics.app */,
			);
			name = Products;
			sourceTree = "<group>";
		};
		2BC2F40F153B280000BB5A3F /* Frameworks */ = {
			isa = PBXGroup;
			children = (
				2BD22B4A1545FE2100C4826E /* QuartzCore.framework */,
				2BC2F410153B280000BB5A3F /* UIKit.framework */,
				2BC2F412153B280100BB5A3F /* Foundation.framework */,
				2BC2F414153B280100BB5A3F /* CoreGraphics.framework */,
			);
			name = Frameworks;
			sourceTree = "<group>";
		};
		2BC2F416153B280100BB5A3F /* SpringyPhysics */ = {
			isa = PBXGroup;
			children = (
				2BC2F41F153B280100BB5A3F /* SPAppDelegate.h */,
				2BC2F420153B280100BB5A3F /* SPAppDelegate.m */,
				2BC2F42A153B298200BB5A3F /* Physics Mesh */,
				2BC2F417153B280100BB5A3F /* Supporting Files */,
			);
			path = SpringyPhysics;
			sourceTree = "<group>";
		};
		2BC2F417153B280100BB5A3F /* Supporting Files */ = {
			isa = PBXGroup;
			children = (
				2BC2F418153B280100BB5A3F /* SpringyPhysics-Info.plist */,
				2BC2F419153B280100BB5A3F /* InfoPlist.strings */,
				2BC2F41C153B280100BB5A3F /* main.m */,
				2BC2F41E153B280100BB5A3F /* SpringyPhysics-Prefix.pch */,
			);
			name = "Supporting Files";
			sourceTree = "<group>";
		};
		2BC2F42A153B298200BB5A3F /* Physics Mesh */ = {
			isa = PBXGroup;
			children = (
				2BC2F427153B292900BB5A3F /* SPMeshView.h */,
				2BC2F428153B292900BB5A3F /* SPMeshView.m */,
				2BA7EA0F1547555D003091EE /* Meshes */,
				2BC2F432153B413600BB5A3F /* Helpers */,
				2BC2F42B153B298900BB5A3F /* Objects */,
			);
			name = "Physics Mesh";
			sourceTree = "<group>";
		};
		2BC2F42B153B298900BB5A3F /* Objects */ = {
			isa = PBXGroup;
			children = (
				2B8DD772154B5DA100B59EEC /* SPMeshStructures.h */,
				2BC2F42C153B2AE400BB5A3F /* SPNode.h */,
				2BC2F42D153B2AE400BB5A3F /* SPNode.m */,
				2BC2F42F153B3FAD00BB5A3F /* SPSpring.h */,
				2BC2F430153B3FAD00BB5A3F /* SPSpring.m */,
			);
			name = Objects;
			sourceTree = "<group>";
		};
		2BC2F432153B413600BB5A3F /* Helpers */ = {
			isa = PBXGroup;
			children = (
				2BC2F433153B41DC00BB5A3F /* SPVector.h */,
				2BC2F434153B41DC00BB5A3F /* SPVector.m */,
				2BC2F439153BA01700BB5A3F /* SPDragNodeInfo.h */,
				2BC2F43A153BA01700BB5A3F /* SPDragNodeInfo.m */,
			);
			name = Helpers;
			sourceTree = "<group>";
		};
/* End PBXGroup section */

/* Begin PBXNativeTarget section */
		2BC2F40B153B280000BB5A3F /* SpringyPhysics */ = {
			isa = PBXNativeTarget;
			buildConfigurationList = 2BC2F424153B280100BB5A3F /* Build configuration list for PBXNativeTarget "SpringyPhysics" */;
			buildPhases = (
				2BC2F408153B280000BB5A3F /* Sources */,
				2BC2F409153B280000BB5A3F /* Frameworks */,
				2BC2F40A153B280000BB5A3F /* Resources */,
			);
			buildRules = (
			);
			dependencies = (
			);
			name = SpringyPhysics;
			productName = SpringyPhysics;
			productReference = 2BC2F40C153B280000BB5A3F /* SpringyPhysics.app */;
			productType = "com.apple.product-type.application";
		};
/* End PBXNativeTarget section */

/* Begin PBXProject section */
		2BC2F403153B280000BB5A3F /* Project object */ = {
			isa = PBXProject;
			attributes = {
				CLASSPREFIX = SP;
				LastUpgradeCheck = 0430;
				ORGANIZATIONNAME = "Freelance Web Developer";
			};
			buildConfigurationList = 2BC2F406153B280000BB5A3F /* Build configuration list for PBXProject "SpringyPhysics" */;
			compatibilityVersion = "Xcode 3.2";
			developmentRegion = English;
			hasScannedForEncodings = 0;
			knownRegions = (
				en,
			);
			mainGroup = 2BC2F401153B280000BB5A3F;
			productRefGroup = 2BC2F40D153B280000BB5A3F /* Products */;
			projectDirPath = "";
			projectRoot = "";
			targets = (
				2BC2F40B153B280000BB5A3F /* SpringyPhysics */,
			);
		};
/* End PBXProject section */

/* Begin PBXResourcesBuildPhase section */
		2BC2F40A153B280000BB5A3F /* Resources */ = {
			isa = PBXResourcesBuildPhase;
			buildActionMask = 2147483647;
			files = (
				2BC2F41B153B280100BB5A3F /* InfoPlist.strings in Resources */,
			);
			runOnlyForDeploymentPostprocessing = 0;
		};
/* End PBXResourcesBuildPhase section */

/* Begin PBXSourcesBuildPhase section */
		2BC2F408153B280000BB5A3F /* Sources */ = {
			isa = PBXSourcesBuildPhase;
			buildActionMask = 2147483647;
			files = (
				2BC2F41D153B280100BB5A3F /* main.m in Sources */,
				2BC2F421153B280100BB5A3F /* SPAppDelegate.m in Sources */,
				2BC2F429153B292900BB5A3F /* SPMeshView.m in Sources */,
				2BC2F42E153B2AE400BB5A3F /* SPNode.m in Sources */,
				2BC2F431153B3FAD00BB5A3F /* SPSpring.m in Sources */,
				2BC2F435153B41DC00BB5A3F /* SPVector.m in Sources */,
				2BC2F43B153BA01700BB5A3F /* SPDragNodeInfo.m in Sources */,
				2BA7EA1315475585003091EE /* SPDotMeshView.m in Sources */,
			);
			runOnlyForDeploymentPostprocessing = 0;
		};
/* End PBXSourcesBuildPhase section */

/* Begin PBXVariantGroup section */
		2BC2F419153B280100BB5A3F /* InfoPlist.strings */ = {
			isa = PBXVariantGroup;
			children = (
				2BC2F41A153B280100BB5A3F /* en */,
			);
			name = InfoPlist.strings;
			sourceTree = "<group>";
		};
/* End PBXVariantGroup section */

/* Begin XCBuildConfiguration section */
		2BC2F422153B280100BB5A3F /* Debug */ = {
			isa = XCBuildConfiguration;
			buildSettings = {
				ALWAYS_SEARCH_USER_PATHS = NO;
				ARCHS = "$(ARCHS_STANDARD_32_BIT)";
				CLANG_ENABLE_OBJC_ARC = YES;
				"CODE_SIGN_IDENTITY[sdk=iphoneos*]" = "iPhone Developer";
				COPY_PHASE_STRIP = NO;
				GCC_C_LANGUAGE_STANDARD = gnu99;
				GCC_DYNAMIC_NO_PIC = NO;
				GCC_OPTIMIZATION_LEVEL = 0;
				GCC_PREPROCESSOR_DEFINITIONS = (
					"DEBUG=1",
					"$(inherited)",
				);
				GCC_SYMBOLS_PRIVATE_EXTERN = NO;
				GCC_VERSION = com.apple.compilers.llvm.clang.1_0;
				GCC_WARN_ABOUT_RETURN_TYPE = YES;
				GCC_WARN_UNINITIALIZED_AUTOS = YES;
				GCC_WARN_UNUSED_VARIABLE = YES;
				IPHONEOS_DEPLOYMENT_TARGET = 5.1;
				SDKROOT = iphoneos;
				TARGETED_DEVICE_FAMILY = 2;
			};
			name = Debug;
		};
		2BC2F423153B280100BB5A3F /* Release */ = {
			isa = XCBuildConfiguration;
			buildSettings = {
				ALWAYS_SEARCH_USER_PATHS = NO;
				ARCHS = "$(ARCHS_STANDARD_32_BIT)";
				CLANG_ENABLE_OBJC_ARC = YES;
				"CODE_SIGN_IDENTITY[sdk=iphoneos*]" = "iPhone Developer";
				COPY_PHASE_STRIP = YES;
				GCC_C_LANGUAGE_STANDARD = gnu99;
				GCC_VERSION = com.apple.compilers.llvm.clang.1_0;
				GCC_WARN_ABOUT_RETURN_TYPE = YES;
				GCC_WARN_UNINITIALIZED_AUTOS = YES;
				GCC_WARN_UNUSED_VARIABLE = YES;
				IPHONEOS_DEPLOYMENT_TARGET = 5.1;
				OTHER_CFLAGS = "-DNS_BLOCK_ASSERTIONS=1";
				SDKROOT = iphoneos;
				TARGETED_DEVICE_FAMILY = 2;
				VALIDATE_PRODUCT = YES;
			};
			name = Release;
		};
		2BC2F425153B280100BB5A3F /* Debug */ = {
			isa = XCBuildConfiguration;
			buildSettings = {
				GCC_PRECOMPILE_PREFIX_HEADER = YES;
				GCC_PREFIX_HEADER = "SpringyPhysics/SpringyPhysics-Prefix.pch";
				INFOPLIST_FILE = "SpringyPhysics/SpringyPhysics-Info.plist";
				PRODUCT_NAME = "$(TARGET_NAME)";
				TARGETED_DEVICE_FAMILY = "1,2";
				WRAPPER_EXTENSION = app;
			};
			name = Debug;
		};
		2BC2F426153B280100BB5A3F /* Release */ = {
			isa = XCBuildConfiguration;
			buildSettings = {
				GCC_PRECOMPILE_PREFIX_HEADER = YES;
				GCC_PREFIX_HEADER = "SpringyPhysics/SpringyPhysics-Prefix.pch";
				INFOPLIST_FILE = "SpringyPhysics/SpringyPhysics-Info.plist";
				PRODUCT_NAME = "$(TARGET_NAME)";
				TARGETED_DEVICE_FAMILY = "1,2";
				WRAPPER_EXTENSION = app;
			};
			name = Release;
		};
/* End XCBuildConfiguration section */

/* Begin XCConfigurationList section */
		2BC2F406153B280000BB5A3F /* Build configuration list for PBXProject "SpringyPhysics" */ = {
			isa = XCConfigurationList;
			buildConfigurations = (
				2BC2F422153B280100BB5A3F /* Debug */,
				2BC2F423153B280100BB5A3F /* Release */,
			);
			defaultConfigurationIsVisible = 0;
			defaultConfigurationName = Release;
		};
		2BC2F424153B280100BB5A3F /* Build configuration list for PBXNativeTarget "SpringyPhysics" */ = {
			isa = XCConfigurationList;
			buildConfigurations = (
				2BC2F425153B280100BB5A3F /* Debug */,
				2BC2F426153B280100BB5A3F /* Release */,
			);
			defaultConfigurationIsVisible = 0;
			defaultConfigurationName = Release;
		};
/* End XCConfigurationList section */
	};
	rootObject = 2BC2F403153B280000BB5A3F /* Project object */;
}
